
Microsoft Visual Studio Solution File, Format Version 12.00
# Visual Studio Version 17
VisualStudioVersion = 17.11.35312.102
MinimumVisualStudioVersion = 10.0.40219.1
Project("{FAE04EC0-301F-11D3-BF4B-00C04F79EFBC}") = "TestProjectNet8Authentication", "TestProjectNet8Authentication.csproj", "{68345778-1707-4FEC-8215-179E5E0FC418}"
EndProject
Global
	GlobalSection(SolutionConfigurationPlatforms) = preSolution
		Debug|Any CPU = Debug|Any CPU
		Release|Any CPU = Release|Any CPU
	EndGlobalSection
	GlobalSection(ProjectConfigurationPlatforms) = postSolution
		{68345778-1707-4FEC-8215-179E5E0FC418}.Debug|Any CPU.ActiveCfg = Debug|Any CPU
		{68345778-1707-4FEC-8215-179E5E0FC418}.Debug|Any CPU.Build.0 = Debug|Any CPU
		{68345778-1707-4FEC-8215-179E5E0FC418}.Release|Any CPU.ActiveCfg = Release|Any CPU
		{68345778-1707-4FEC-8215-179E5E0FC418}.Release|Any CPU.Build.0 = Release|Any CPU
	EndGlobalSection
	GlobalSection(SolutionProperties) = preSolution
		HideSolutionNode = FALSE
	EndGlobalSection
	GlobalSection(ExtensibilityGlobals) = postSolution
		SolutionGuid = {518174E6-69E1-474C-B2FF-54407461D3CF}
	EndGlobalSection
EndGlobal
